
Microsoft Visual Studio Solution File, Format Version 12.00
# Visual Studio Version 16
VisualStudioVersion = 16.0.30406.217
MinimumVisualStudioVersion = 10.0.40219.1
Project("{11A8DD76-328B-46DF-9F39-F559912D0360}") = "WiiNunchukTest", "WiiNunchukTest\WiiNunchukTest.nfproj", "{249E8DDB-5665-4823-B666-C60F3B382FAE}"
EndProject
Project("{11A8DD76-328B-46DF-9F39-F559912D0360}") = "ADCTest", "ADCTest\ADCTest.nfproj", "{A35C99A3-7212-40B8-B23D-495F3C35B9E3}"
EndProject
Project("{11A8DD76-328B-46DF-9F39-F559912D0360}") = "PWMTest", "PWMTest\PWMTest.nfproj", "{6E2CA78B-028A-4B27-91AA-6C4BCDFF3E85}"
EndProject
Project("{11A8DD76-328B-46DF-9F39-F559912D0360}") = "ServoTest", "ServoTest\ServoTest.nfproj", "{9203D5CC-1F04-4C55-B4B2-EB34C97CD109}"
EndProject
Project("{11A8DD76-328B-46DF-9F39-F559912D0360}") = "Longboard", "Longboard\Longboard.nfproj", "{AF48145D-BCAD-4710-A1A0-3FF0BCD3663A}"
EndProject
Project("{11A8DD76-328B-46DF-9F39-F559912D0360}") = "WiiNunchuk", "WiiNunchuk\WiiNunchuk.nfproj", "{A74090E2-37F5-4E2F-A5A4-9BAD9A021EF9}"
EndProject
Global
	GlobalSection(SolutionConfigurationPlatforms) = preSolution
		Debug|Any CPU = Debug|Any CPU
		Release|Any CPU = Release|Any CPU
	EndGlobalSection
	GlobalSection(ProjectConfigurationPlatforms) = postSolution
		{249E8DDB-5665-4823-B666-C60F3B382FAE}.Debug|Any CPU.ActiveCfg = Debug|Any CPU
		{249E8DDB-5665-4823-B666-C60F3B382FAE}.Debug|Any CPU.Build.0 = Debug|Any CPU
		{249E8DDB-5665-4823-B666-C60F3B382FAE}.Debug|Any CPU.Deploy.0 = Debug|Any CPU
		{249E8DDB-5665-4823-B666-C60F3B382FAE}.Release|Any CPU.ActiveCfg = Release|Any CPU
		{249E8DDB-5665-4823-B666-C60F3B382FAE}.Release|Any CPU.Build.0 = Release|Any CPU
		{249E8DDB-5665-4823-B666-C60F3B382FAE}.Release|Any CPU.Deploy.0 = Release|Any CPU
		{A35C99A3-7212-40B8-B23D-495F3C35B9E3}.Debug|Any CPU.ActiveCfg = Debug|Any CPU
		{A35C99A3-7212-40B8-B23D-495F3C35B9E3}.Debug|Any CPU.Build.0 = Debug|Any CPU
		{A35C99A3-7212-40B8-B23D-495F3C35B9E3}.Debug|Any CPU.Deploy.0 = Debug|Any CPU
		{A35C99A3-7212-40B8-B23D-495F3C35B9E3}.Release|Any CPU.ActiveCfg = Release|Any CPU
		{A35C99A3-7212-40B8-B23D-495F3C35B9E3}.Release|Any CPU.Build.0 = Release|Any CPU
		{A35C99A3-7212-40B8-B23D-495F3C35B9E3}.Release|Any CPU.Deploy.0 = Release|Any CPU
		{6E2CA78B-028A-4B27-91AA-6C4BCDFF3E85}.Debug|Any CPU.ActiveCfg = Debug|Any CPU
		{6E2CA78B-028A-4B27-91AA-6C4BCDFF3E85}.Debug|Any CPU.Build.0 = Debug|Any CPU
		{6E2CA78B-028A-4B27-91AA-6C4BCDFF3E85}.Debug|Any CPU.Deploy.0 = Debug|Any CPU
		{6E2CA78B-028A-4B27-91AA-6C4BCDFF3E85}.Release|Any CPU.ActiveCfg = Release|Any CPU
		{6E2CA78B-028A-4B27-91AA-6C4BCDFF3E85}.Release|Any CPU.Build.0 = Release|Any CPU
		{6E2CA78B-028A-4B27-91AA-6C4BCDFF3E85}.Release|Any CPU.Deploy.0 = Release|Any CPU
		{9203D5CC-1F04-4C55-B4B2-EB34C97CD109}.Debug|Any CPU.ActiveCfg = Debug|Any CPU
		{9203D5CC-1F04-4C55-B4B2-EB34C97CD109}.Debug|Any CPU.Build.0 = Debug|Any CPU
		{9203D5CC-1F04-4C55-B4B2-EB34C97CD109}.Debug|Any CPU.Deploy.0 = Debug|Any CPU
		{9203D5CC-1F04-4C55-B4B2-EB34C97CD109}.Release|Any CPU.ActiveCfg = Release|Any CPU
		{9203D5CC-1F04-4C55-B4B2-EB34C97CD109}.Release|Any CPU.Build.0 = Release|Any CPU
		{9203D5CC-1F04-4C55-B4B2-EB34C97CD109}.Release|Any CPU.Deploy.0 = Release|Any CPU
		{AF48145D-BCAD-4710-A1A0-3FF0BCD3663A}.Debug|Any CPU.ActiveCfg = Debug|Any CPU
		{AF48145D-BCAD-4710-A1A0-3FF0BCD3663A}.Debug|Any CPU.Build.0 = Debug|Any CPU
		{AF48145D-BCAD-4710-A1A0-3FF0BCD3663A}.Debug|Any CPU.Deploy.0 = Debug|Any CPU
		{AF48145D-BCAD-4710-A1A0-3FF0BCD3663A}.Release|Any CPU.ActiveCfg = Release|Any CPU
		{AF48145D-BCAD-4710-A1A0-3FF0BCD3663A}.Release|Any CPU.Build.0 = Release|Any CPU
		{AF48145D-BCAD-4710-A1A0-3FF0BCD3663A}.Release|Any CPU.Deploy.0 = Release|Any CPU
		{A74090E2-37F5-4E2F-A5A4-9BAD9A021EF9}.Debug|Any CPU.ActiveCfg = Debug|Any CPU
		{A74090E2-37F5-4E2F-A5A4-9BAD9A021EF9}.Debug|Any CPU.Build.0 = Debug|Any CPU
		{A74090E2-37F5-4E2F-A5A4-9BAD9A021EF9}.Debug|Any CPU.Deploy.0 = Debug|Any CPU
		{A74090E2-37F5-4E2F-A5A4-9BAD9A021EF9}.Release|Any CPU.ActiveCfg = Release|Any CPU
		{A74090E2-37F5-4E2F-A5A4-9BAD9A021EF9}.Release|Any CPU.Build.0 = Release|Any CPU
		{A74090E2-37F5-4E2F-A5A4-9BAD9A021EF9}.Release|Any CPU.Deploy.0 = Release|Any CPU
	EndGlobalSection
	GlobalSection(SolutionProperties) = preSolution
		HideSolutionNode = FALSE
	EndGlobalSection
	GlobalSection(ExtensibilityGlobals) = postSolution
		SolutionGuid = {817823BD-DB33-41AE-BAEC-15A5B4CB6F63}
	EndGlobalSection
EndGlobal
